// !$*UTF8*$!
{
	archiveVersion = 1;
	classes = {
	};
	objectVersion = 56;
	objects = {

/* Begin PBXBuildFile section */
		907339412C71256D006D750E /* main.swift in Sources */ = {isa = PBXBuildFile; fileRef = 907339402C71256D006D750E /* main.swift */; };
		907FD7E52C713E0F0003DD8B /* main.swift in Sources */ = {isa = PBXBuildFile; fileRef = 907FD7E42C713E0F0003DD8B /* main.swift */; };
		907FD7F02C7144690003DD8B /* main.swift in Sources */ = {isa = PBXBuildFile; fileRef = 907FD7EF2C7144690003DD8B /* main.swift */; };
/* End PBXBuildFile section */

/* Begin PBXCopyFilesBuildPhase section */
		9073393B2C71256D006D750E /* CopyFiles */ = {
			isa = PBXCopyFilesBuildPhase;
			buildActionMask = 2147483647;
			dstPath = /usr/share/man/man1/;
			dstSubfolderSpec = 0;
			files = (
			);
			runOnlyForDeploymentPostprocessing = 1;
		};
		907FD7E02C713E0F0003DD8B /* CopyFiles */ = {
			isa = PBXCopyFilesBuildPhase;
			buildActionMask = 2147483647;
			dstPath = /usr/share/man/man1/;
			dstSubfolderSpec = 0;
			files = (
			);
			runOnlyForDeploymentPostprocessing = 1;
		};
		907FD7EB2C7144690003DD8B /* CopyFiles */ = {
			isa = PBXCopyFilesBuildPhase;
			buildActionMask = 2147483647;
			dstPath = /usr/share/man/man1/;
			dstSubfolderSpec = 0;
			files = (
			);
			runOnlyForDeploymentPostprocessing = 1;
		};
/* End PBXCopyFilesBuildPhase section */

/* Begin PBXFileReference section */
		9073393D2C71256D006D750E /* Only4Demo */ = {isa = PBXFileReference; explicitFileType = "compiled.mach-o.executable"; includeInIndex = 0; path = Only4Demo; sourceTree = BUILT_PRODUCTS_DIR; };
		907339402C71256D006D750E /* main.swift */ = {isa = PBXFileReference; lastKnownFileType = sourcecode.swift; path = main.swift; sourceTree = "<group>"; };
		907FD7E22C713E0F0003DD8B /* _01-Swift-Tour */ = {isa = PBXFileReference; explicitFileType = "compiled.mach-o.executable"; includeInIndex = 0; path = "_01-Swift-Tour"; sourceTree = BUILT_PRODUCTS_DIR; };
		907FD7E42C713E0F0003DD8B /* main.swift */ = {isa = PBXFileReference; lastKnownFileType = sourcecode.swift; path = main.swift; sourceTree = "<group>"; };
		907FD7ED2C7144690003DD8B /* _02-The-Basics */ = {isa = PBXFileReference; explicitFileType = "compiled.mach-o.executable"; includeInIndex = 0; path = "_02-The-Basics"; sourceTree = BUILT_PRODUCTS_DIR; };
		907FD7EF2C7144690003DD8B /* main.swift */ = {isa = PBXFileReference; lastKnownFileType = sourcecode.swift; path = main.swift; sourceTree = "<group>"; };
/* End PBXFileReference section */

/* Begin PBXFrameworksBuildPhase section */
		9073393A2C71256D006D750E /* Frameworks */ = {
			isa = PBXFrameworksBuildPhase;
			buildActionMask = 2147483647;
			files = (
			);
			runOnlyForDeploymentPostprocessing = 0;
		};
		907FD7DF2C713E0F0003DD8B /* Frameworks */ = {
			isa = PBXFrameworksBuildPhase;
			buildActionMask = 2147483647;
			files = (
			);
			runOnlyForDeploymentPostprocessing = 0;
		};
		907FD7EA2C7144690003DD8B /* Frameworks */ = {
			isa = PBXFrameworksBuildPhase;
			buildActionMask = 2147483647;
			files = (
			);
			runOnlyForDeploymentPostprocessing = 0;
		};
/* End PBXFrameworksBuildPhase section */

/* Begin PBXGroup section */
		907339342C71256D006D750E = {
			isa = PBXGroup;
			children = (
				9073393F2C71256D006D750E /* Only4Demo */,
				907FD7EE2C7144690003DD8B /* _02-The-Basics */,
				907FD7E32C713E0F0003DD8B /* _01-Swift-Tour */,
				9073393E2C71256D006D750E /* Products */,
			);
			sourceTree = "<group>";
		};
		9073393E2C71256D006D750E /* Products */ = {
			isa = PBXGroup;
			children = (
				9073393D2C71256D006D750E /* Only4Demo */,
				907FD7E22C713E0F0003DD8B /* _01-Swift-Tour */,
				907FD7ED2C7144690003DD8B /* _02-The-Basics */,
			);
			name = Products;
			sourceTree = "<group>";
		};
		9073393F2C71256D006D750E /* Only4Demo */ = {
			isa = PBXGroup;
			children = (
				907339402C71256D006D750E /* main.swift */,
			);
			path = Only4Demo;
			sourceTree = "<group>";
		};
		907FD7E32C713E0F0003DD8B /* _01-Swift-Tour */ = {
			isa = PBXGroup;
			children = (
				907FD7E42C713E0F0003DD8B /* main.swift */,
			);
			path = "_01-Swift-Tour";
			sourceTree = "<group>";
		};
		907FD7EE2C7144690003DD8B /* _02-The-Basics */ = {
			isa = PBXGroup;
			children = (
				907FD7EF2C7144690003DD8B /* main.swift */,
			);
			path = "_02-The-Basics";
			sourceTree = "<group>";
		};
/* End PBXGroup section */

/* Begin PBXNativeTarget section */
		9073393C2C71256D006D750E /* Only4Demo */ = {
			isa = PBXNativeTarget;
			buildConfigurationList = 907339442C71256D006D750E /* Build configuration list for PBXNativeTarget "Only4Demo" */;
			buildPhases = (
				907339392C71256D006D750E /* Sources */,
				9073393A2C71256D006D750E /* Frameworks */,
				9073393B2C71256D006D750E /* CopyFiles */,
			);
			buildRules = (
			);
			dependencies = (
			);
			name = Only4Demo;
			productName = Only4Demo;
			productReference = 9073393D2C71256D006D750E /* Only4Demo */;
			productType = "com.apple.product-type.tool";
		};
		907FD7E12C713E0F0003DD8B /* _01-Swift-Tour */ = {
			isa = PBXNativeTarget;
			buildConfigurationList = 907FD7E82C713E0F0003DD8B /* Build configuration list for PBXNativeTarget "_01-Swift-Tour" */;
			buildPhases = (
				907FD7DE2C713E0F0003DD8B /* Sources */,
				907FD7DF2C713E0F0003DD8B /* Frameworks */,
				907FD7E02C713E0F0003DD8B /* CopyFiles */,
			);
			buildRules = (
			);
			dependencies = (
			);
			name = "_01-Swift-Tour";
			productName = "_01-Swift-Tour";
			productReference = 907FD7E22C713E0F0003DD8B /* _01-Swift-Tour */;
			productType = "com.apple.product-type.tool";
		};
		907FD7EC2C7144690003DD8B /* _02-The-Basics */ = {
			isa = PBXNativeTarget;
			buildConfigurationList = 907FD7F12C7144690003DD8B /* Build configuration list for PBXNativeTarget "_02-The-Basics" */;
			buildPhases = (
				907FD7E92C7144690003DD8B /* Sources */,
				907FD7EA2C7144690003DD8B /* Frameworks */,
				907FD7EB2C7144690003DD8B /* CopyFiles */,
			);
			buildRules = (
			);
			dependencies = (
			);
			name = "_02-The-Basics";
			productName = "_02-The-Basics";
			productReference = 907FD7ED2C7144690003DD8B /* _02-The-Basics */;
			productType = "com.apple.product-type.tool";
		};
/* End PBXNativeTarget section */

/* Begin PBXProject section */
		907339352C71256D006D750E /* Project object */ = {
			isa = PBXProject;
			attributes = {
				BuildIndependentTargetsInParallel = 1;
				LastSwiftUpdateCheck = 1540;
				LastUpgradeCheck = 1540;
				TargetAttributes = {
					9073393C2C71256D006D750E = {
						CreatedOnToolsVersion = 15.4;
					};
					907FD7E12C713E0F0003DD8B = {
						CreatedOnToolsVersion = 15.4;
					};
					907FD7EC2C7144690003DD8B = {
						CreatedOnToolsVersion = 15.4;
					};
				};
			};
			buildConfigurationList = 907339382C71256D006D750E /* Build configuration list for PBXProject "Only4Demo" */;
			compatibilityVersion = "Xcode 14.0";
			developmentRegion = en;
			hasScannedForEncodings = 0;
			knownRegions = (
				en,
				Base,
			);
			mainGroup = 907339342C71256D006D750E;
			productRefGroup = 9073393E2C71256D006D750E /* Products */;
			projectDirPath = "";
			projectRoot = "";
			targets = (
				9073393C2C71256D006D750E /* Only4Demo */,
				907FD7E12C713E0F0003DD8B /* _01-Swift-Tour */,
				907FD7EC2C7144690003DD8B /* _02-The-Basics */,
			);
		};
/* End PBXProject section */

/* Begin PBXSourcesBuildPhase section */
		907339392C71256D006D750E /* Sources */ = {
			isa = PBXSourcesBuildPhase;
			buildActionMask = 2147483647;
			files = (
				907339412C71256D006D750E /* main.swift in Sources */,
			);
			runOnlyForDeploymentPostprocessing = 0;
		};
		907FD7DE2C713E0F0003DD8B /* Sources */ = {
			isa = PBXSourcesBuildPhase;
			buildActionMask = 2147483647;
			files = (
				907FD7E52C713E0F0003DD8B /* main.swift in Sources */,
			);
			runOnlyForDeploymentPostprocessing = 0;
		};
		907FD7E92C7144690003DD8B /* Sources */ = {
			isa = PBXSourcesBuildPhase;
			buildActionMask = 2147483647;
			files = (
				907FD7F02C7144690003DD8B /* main.swift in Sources */,
			);
			runOnlyForDeploymentPostprocessing = 0;
		};
/* End PBXSourcesBuildPhase section */

/* Begin XCBuildConfiguration section */
		907339422C71256D006D750E /* Debug */ = {
			isa = XCBuildConfiguration;
			buildSettings = {
				ALWAYS_SEARCH_USER_PATHS = NO;
				ASSETCATALOG_COMPILER_GENERATE_SWIFT_ASSET_SYMBOL_EXTENSIONS = YES;
				CLANG_ANALYZER_NONNULL = YES;
				CLANG_ANALYZER_NUMBER_OBJECT_CONVERSION = YES_AGGRESSIVE;
				CLANG_CXX_LANGUAGE_STANDARD = "gnu++20";
				CLANG_ENABLE_MODULES = YES;
				CLANG_ENABLE_OBJC_ARC = YES;
				CLANG_ENABLE_OBJC_WEAK = YES;
				CLANG_WARN_BLOCK_CAPTURE_AUTORELEASING = YES;
				CLANG_WARN_BOOL_CONVERSION = YES;
				CLANG_WARN_COMMA = YES;
				CLANG_WARN_CONSTANT_CONVERSION = YES;
				CLANG_WARN_DEPRECATED_OBJC_IMPLEMENTATIONS = YES;
				CLANG_WARN_DIRECT_OBJC_ISA_USAGE = YES_ERROR;
				CLANG_WARN_DOCUMENTATION_COMMENTS = YES;
				CLANG_WARN_EMPTY_BODY = YES;
				CLANG_WARN_ENUM_CONVERSION = YES;
				CLANG_WARN_INFINITE_RECURSION = YES;
				CLANG_WARN_INT_CONVERSION = YES;
				CLANG_WARN_NON_LITERAL_NULL_CONVERSION = YES;
				CLANG_WARN_OBJC_IMPLICIT_RETAIN_SELF = YES;
				CLANG_WARN_OBJC_LITERAL_CONVERSION = YES;
				CLANG_WARN_OBJC_ROOT_CLASS = YES_ERROR;
				CLANG_WARN_QUOTED_INCLUDE_IN_FRAMEWORK_HEADER = YES;
				CLANG_WARN_RANGE_LOOP_ANALYSIS = YES;
				CLANG_WARN_STRICT_PROTOTYPES = YES;
				CLANG_WARN_SUSPICIOUS_MOVE = YES;
				CLANG_WARN_UNGUARDED_AVAILABILITY = YES_AGGRESSIVE;
				CLANG_WARN_UNREACHABLE_CODE = YES;
				CLANG_WARN__DUPLICATE_METHOD_MATCH = YES;
				COPY_PHASE_STRIP = NO;
				DEBUG_INFORMATION_FORMAT = dwarf;
				ENABLE_STRICT_OBJC_MSGSEND = YES;
				ENABLE_TESTABILITY = YES;
				ENABLE_USER_SCRIPT_SANDBOXING = YES;
				GCC_C_LANGUAGE_STANDARD = gnu17;
				GCC_DYNAMIC_NO_PIC = NO;
				GCC_NO_COMMON_BLOCKS = YES;
				GCC_OPTIMIZATION_LEVEL = 0;
				GCC_PREPROCESSOR_DEFINITIONS = (
					"DEBUG=1",
					"$(inherited)",
				);
				GCC_WARN_64_TO_32_BIT_CONVERSION = YES;
				GCC_WARN_ABOUT_RETURN_TYPE = YES_ERROR;
				GCC_WARN_UNDECLARED_SELECTOR = YES;
				GCC_WARN_UNINITIALIZED_AUTOS = YES_AGGRESSIVE;
				GCC_WARN_UNUSED_FUNCTION = YES;
				GCC_WARN_UNUSED_VARIABLE = YES;
				LOCALIZATION_PREFERS_STRING_CATALOGS = YES;
				MACOSX_DEPLOYMENT_TARGET = 14.5;
				MTL_ENABLE_DEBUG_INFO = INCLUDE_SOURCE;
				MTL_FAST_MATH = YES;
				ONLY_ACTIVE_ARCH = YES;
				SDKROOT = macosx;
				SWIFT_ACTIVE_COMPILATION_CONDITIONS = "DEBUG $(inherited)";
				SWIFT_OPTIMIZATION_LEVEL = "-Onone";
			};
			name = Debug;
		};
		907339432C71256D006D750E /* Release */ = {
			isa = XCBuildConfiguration;
			buildSettings = {
				ALWAYS_SEARCH_USER_PATHS = NO;
				ASSETCATALOG_COMPILER_GENERATE_SWIFT_ASSET_SYMBOL_EXTENSIONS = YES;
				CLANG_ANALYZER_NONNULL = YES;
				CLANG_ANALYZER_NUMBER_OBJECT_CONVERSION = YES_AGGRESSIVE;
				CLANG_CXX_LANGUAGE_STANDARD = "gnu++20";
				CLANG_ENABLE_MODULES = YES;
				CLANG_ENABLE_OBJC_ARC = YES;
				CLANG_ENABLE_OBJC_WEAK = YES;
				CLANG_WARN_BLOCK_CAPTURE_AUTORELEASING = YES;
				CLANG_WARN_BOOL_CONVERSION = YES;
				CLANG_WARN_COMMA = YES;
				CLANG_WARN_CONSTANT_CONVERSION = YES;
				CLANG_WARN_DEPRECATED_OBJC_IMPLEMENTATIONS = YES;
				CLANG_WARN_DIRECT_OBJC_ISA_USAGE = YES_ERROR;
				CLANG_WARN_DOCUMENTATION_COMMENTS = YES;
				CLANG_WARN_EMPTY_BODY = YES;
				CLANG_WARN_ENUM_CONVERSION = YES;
				CLANG_WARN_INFINITE_RECURSION = YES;
				CLANG_WARN_INT_CONVERSION = YES;
				CLANG_WARN_NON_LITERAL_NULL_CONVERSION = YES;
				CLANG_WARN_OBJC_IMPLICIT_RETAIN_SELF = YES;
				CLANG_WARN_OBJC_LITERAL_CONVERSION = YES;
				CLANG_WARN_OBJC_ROOT_CLASS = YES_ERROR;
				CLANG_WARN_QUOTED_INCLUDE_IN_FRAMEWORK_HEADER = YES;
				CLANG_WARN_RANGE_LOOP_ANALYSIS = YES;
				CLANG_WARN_STRICT_PROTOTYPES = YES;
				CLANG_WARN_SUSPICIOUS_MOVE = YES;
				CLANG_WARN_UNGUARDED_AVAILABILITY = YES_AGGRESSIVE;
				CLANG_WARN_UNREACHABLE_CODE = YES;
				CLANG_WARN__DUPLICATE_METHOD_MATCH = YES;
				COPY_PHASE_STRIP = NO;
				DEBUG_INFORMATION_FORMAT = "dwarf-with-dsym";
				ENABLE_NS_ASSERTIONS = NO;
				ENABLE_STRICT_OBJC_MSGSEND = YES;
				ENABLE_USER_SCRIPT_SANDBOXING = YES;
				GCC_C_LANGUAGE_STANDARD = gnu17;
				GCC_NO_COMMON_BLOCKS = YES;
				GCC_WARN_64_TO_32_BIT_CONVERSION = YES;
				GCC_WARN_ABOUT_RETURN_TYPE = YES_ERROR;
				GCC_WARN_UNDECLARED_SELECTOR = YES;
				GCC_WARN_UNINITIALIZED_AUTOS = YES_AGGRESSIVE;
				GCC_WARN_UNUSED_FUNCTION = YES;
				GCC_WARN_UNUSED_VARIABLE = YES;
				LOCALIZATION_PREFERS_STRING_CATALOGS = YES;
				MACOSX_DEPLOYMENT_TARGET = 14.5;
				MTL_ENABLE_DEBUG_INFO = NO;
				MTL_FAST_MATH = YES;
				SDKROOT = macosx;
				SWIFT_COMPILATION_MODE = wholemodule;
			};
			name = Release;
		};
		907339452C71256D006D750E /* Debug */ = {
			isa = XCBuildConfiguration;
			buildSettings = {
				CODE_SIGN_STYLE = Automatic;
				DEVELOPMENT_TEAM = QWQY5XN8GK;
				ENABLE_HARDENED_RUNTIME = YES;
				PRODUCT_NAME = "$(TARGET_NAME)";
				SWIFT_VERSION = 5.0;
			};
			name = Debug;
		};
		907339462C71256D006D750E /* Release */ = {
			isa = XCBuildConfiguration;
			buildSettings = {
				CODE_SIGN_STYLE = Automatic;
				DEVELOPMENT_TEAM = QWQY5XN8GK;
				ENABLE_HARDENED_RUNTIME = YES;
				PRODUCT_NAME = "$(TARGET_NAME)";
				SWIFT_VERSION = 5.0;
			};
			name = Release;
		};
		907FD7E62C713E0F0003DD8B /* Debug */ = {
			isa = XCBuildConfiguration;
			buildSettings = {
				CODE_SIGN_STYLE = Automatic;
				PRODUCT_NAME = "$(TARGET_NAME)";
				SWIFT_VERSION = 5.0;
			};
			name = Debug;
		};
		907FD7E72C713E0F0003DD8B /* Release */ = {
			isa = XCBuildConfiguration;
			buildSettings = {
				CODE_SIGN_STYLE = Automatic;
				PRODUCT_NAME = "$(TARGET_NAME)";
				SWIFT_VERSION = 5.0;
			};
			name = Release;
		};
		907FD7F22C7144690003DD8B /* Debug */ = {
			isa = XCBuildConfiguration;
			buildSettings = {
				CODE_SIGN_STYLE = Automatic;
				PRODUCT_NAME = "$(TARGET_NAME)";
				SWIFT_VERSION = 5.0;
			};
			name = Debug;
		};
		907FD7F32C7144690003DD8B /* Release */ = {
			isa = XCBuildConfiguration;
			buildSettings = {
				CODE_SIGN_STYLE = Automatic;
				PRODUCT_NAME = "$(TARGET_NAME)";
				SWIFT_VERSION = 5.0;
			};
			name = Release;
		};
/* End XCBuildConfiguration section */

/* Begin XCConfigurationList section */
		907339382C71256D006D750E /* Build configuration list for PBXProject "Only4Demo" */ = {
			isa = XCConfigurationList;
			buildConfigurations = (
				907339422C71256D006D750E /* Debug */,
				907339432C71256D006D750E /* Release */,
			);
			defaultConfigurationIsVisible = 0;
			defaultConfigurationName = Release;
		};
		907339442C71256D006D750E /* Build configuration list for PBXNativeTarget "Only4Demo" */ = {
			isa = XCConfigurationList;
			buildConfigurations = (
				907339452C71256D006D750E /* Debug */,
				907339462C71256D006D750E /* Release */,
			);
			defaultConfigurationIsVisible = 0;
			defaultConfigurationName = Release;
		};
		907FD7E82C713E0F0003DD8B /* Build configuration list for PBXNativeTarget "_01-Swift-Tour" */ = {
			isa = XCConfigurationList;
			buildConfigurations = (
				907FD7E62C713E0F0003DD8B /* Debug */,
				907FD7E72C713E0F0003DD8B /* Release */,
			);
			defaultConfigurationIsVisible = 0;
			defaultConfigurationName = Release;
		};
		907FD7F12C7144690003DD8B /* Build configuration list for PBXNativeTarget "_02-The-Basics" */ = {
			isa = XCConfigurationList;
			buildConfigurations = (
				907FD7F22C7144690003DD8B /* Debug */,
				907FD7F32C7144690003DD8B /* Release */,
			);
			defaultConfigurationIsVisible = 0;
			defaultConfigurationName = Release;
		};
/* End XCConfigurationList section */
	};
	rootObject = 907339352C71256D006D750E /* Project object */;
}
